
Microsoft Visual Studio Solution File, Format Version 12.00
# Visual Studio Version 17
VisualStudioVersion = 17.5.33627.172
MinimumVisualStudioVersion = 10.0.40219.1
Project("{FAE04EC0-301F-11D3-BF4B-00C04F79EFBC}") = "calcFacul", "calcFacul\calcFacul.csproj", "{707602A9-AD85-45B4-BAA9-F00C8FBDDF27}"
EndProject
Global
	GlobalSection(SolutionConfigurationPlatforms) = preSolution
		Debug|Any CPU = Debug|Any CPU
		Release|Any CPU = Release|Any CPU
	EndGlobalSection
	GlobalSection(ProjectConfigurationPlatforms) = postSolution
		{707602A9-AD85-45B4-BAA9-F00C8FBDDF27}.Debug|Any CPU.ActiveCfg = Debug|Any CPU
		{707602A9-AD85-45B4-BAA9-F00C8FBDDF27}.Debug|Any CPU.Build.0 = Debug|Any CPU
		{707602A9-AD85-45B4-BAA9-F00C8FBDDF27}.Release|Any CPU.ActiveCfg = Release|Any CPU
		{707602A9-AD85-45B4-BAA9-F00C8FBDDF27}.Release|Any CPU.Build.0 = Release|Any CPU
	EndGlobalSection
	GlobalSection(SolutionProperties) = preSolution
		HideSolutionNode = FALSE
	EndGlobalSection
	GlobalSection(ExtensibilityGlobals) = postSolution
		SolutionGuid = {F663CA9F-1871-4D64-AB2E-B27A1D5B2B48}
	EndGlobalSection
EndGlobal
